
Microsoft Visual Studio Solution File, Format Version 12.00
# Visual Studio Version 17
VisualStudioVersion = 17.10.35013.160
MinimumVisualStudioVersion = 10.0.40219.1
Project("{9A19103F-16F7-4668-BE54-9A1E7A4F7556}") = "WeatherApp", "WeatherApp\WeatherApp.csproj", "{9341A436-6982-4DA8-AF2D-968F074C0AAA}"
EndProject
Project("{FAE04EC0-301F-11D3-BF4B-00C04F79EFBC}") = "WeatherApp.ApiService", "WeatherApp.ApiService\WeatherApp.ApiService.csproj", "{750EEC6D-9AE2-4DF8-8E68-D0BBD0DAEB5E}"
EndProject
Project("{FAE04EC0-301F-11D3-BF4B-00C04F79EFBC}") = "WeatherApp.Models", "WeatherApp.Models\WeatherApp.Models.csproj", "{9D83D20C-2D12-4681-9912-99959B2CA1B5}"
EndProject
Global
	GlobalSection(SolutionConfigurationPlatforms) = preSolution
		Debug|Any CPU = Debug|Any CPU
		Release|Any CPU = Release|Any CPU
	EndGlobalSection
	GlobalSection(ProjectConfigurationPlatforms) = postSolution
		{9341A436-6982-4DA8-AF2D-968F074C0AAA}.Debug|Any CPU.ActiveCfg = Debug|Any CPU
		{9341A436-6982-4DA8-AF2D-968F074C0AAA}.Debug|Any CPU.Build.0 = Debug|Any CPU
		{9341A436-6982-4DA8-AF2D-968F074C0AAA}.Release|Any CPU.ActiveCfg = Release|Any CPU
		{9341A436-6982-4DA8-AF2D-968F074C0AAA}.Release|Any CPU.Build.0 = Release|Any CPU
		{750EEC6D-9AE2-4DF8-8E68-D0BBD0DAEB5E}.Debug|Any CPU.ActiveCfg = Debug|Any CPU
		{750EEC6D-9AE2-4DF8-8E68-D0BBD0DAEB5E}.Debug|Any CPU.Build.0 = Debug|Any CPU
		{750EEC6D-9AE2-4DF8-8E68-D0BBD0DAEB5E}.Release|Any CPU.ActiveCfg = Release|Any CPU
		{750EEC6D-9AE2-4DF8-8E68-D0BBD0DAEB5E}.Release|Any CPU.Build.0 = Release|Any CPU
		{9D83D20C-2D12-4681-9912-99959B2CA1B5}.Debug|Any CPU.ActiveCfg = Debug|Any CPU
		{9D83D20C-2D12-4681-9912-99959B2CA1B5}.Debug|Any CPU.Build.0 = Debug|Any CPU
		{9D83D20C-2D12-4681-9912-99959B2CA1B5}.Release|Any CPU.ActiveCfg = Release|Any CPU
		{9D83D20C-2D12-4681-9912-99959B2CA1B5}.Release|Any CPU.Build.0 = Release|Any CPU
	EndGlobalSection
	GlobalSection(SolutionProperties) = preSolution
		HideSolutionNode = FALSE
	EndGlobalSection
	GlobalSection(ExtensibilityGlobals) = postSolution
		SolutionGuid = {53B03445-5E09-4C67-BB82-0588D14088BD}
	EndGlobalSection
EndGlobal
